
Microsoft Visual Studio Solution File, Format Version 12.00
# Visual Studio Version 17
VisualStudioVersion = 17.2.32526.322
MinimumVisualStudioVersion = 10.0.40219.1
Project("{FAE04EC0-301F-11D3-BF4B-00C04F79EFBC}") = "TaskManagement", "TaskManagement\TaskManagement.csproj", "{EE071672-9FEB-4A99-9E30-CA54E753D74A}"
EndProject
Global
	GlobalSection(SolutionConfigurationPlatforms) = preSolution
		Debug|Any CPU = Debug|Any CPU
		Release|Any CPU = Release|Any CPU
	EndGlobalSection
	GlobalSection(ProjectConfigurationPlatforms) = postSolution
		{EE071672-9FEB-4A99-9E30-CA54E753D74A}.Debug|Any CPU.ActiveCfg = Debug|Any CPU
		{EE071672-9FEB-4A99-9E30-CA54E753D74A}.Debug|Any CPU.Build.0 = Debug|Any CPU
		{EE071672-9FEB-4A99-9E30-CA54E753D74A}.Release|Any CPU.ActiveCfg = Release|Any CPU
		{EE071672-9FEB-4A99-9E30-CA54E753D74A}.Release|Any CPU.Build.0 = Release|Any CPU
	EndGlobalSection
	GlobalSection(SolutionProperties) = preSolution
		HideSolutionNode = FALSE
	EndGlobalSection
	GlobalSection(ExtensibilityGlobals) = postSolution
		SolutionGuid = {8AF5EF12-15CC-48DE-A21C-715EC31063F3}
	EndGlobalSection
EndGlobal
